
Microsoft Visual Studio Solution File, Format Version 12.00
# Visual Studio 2012
Project("{FAE04EC0-301F-11D3-BF4B-00C04F79EFBC}") = "BASEDiag", "BASEDiag.csproj", "{69D5B147-FAEB-4BB1-9B9E-199C96BAF94A}"
EndProject
Project("{FAE04EC0-301F-11D3-BF4B-00C04F79EFBC}") = "BASEDiag_BL", "..\BASEDiag_BL\BASEDiag_BL.csproj", "{54FB615B-BF1E-4573-BE96-9E40D796D951}"
EndProject
Project("{FAE04EC0-301F-11D3-BF4B-00C04F79EFBC}") = "BASEDiag_BO", "..\BASEDiag_BO\BASEDiag_BO.csproj", "{9F4D1AC2-9585-4630-B15A-87CC8BC270F4}"
EndProject
Project("{FAE04EC0-301F-11D3-BF4B-00C04F79EFBC}") = "BASEDiag_DAL", "..\BASEDiag_DAL\BASEDiag_DAL.csproj", "{66AAEA18-5D92-48FE-A476-8268C7636532}"
EndProject
Project("{FAE04EC0-301F-11D3-BF4B-00C04F79EFBC}") = "FirebirdSql.Data.FirebirdClient", "..\..\Bascontainer\FirebirdSql.Data.FirebirdClient\FirebirdSql.Data.FirebirdClient.csproj", "{326A24F9-6259-45DB-835C-18DB80728460}"
EndProject
Project("{FAE04EC0-301F-11D3-BF4B-00C04F79EFBC}") = "BasCommon_BL", "..\..\Bascontainer\BasCommon_BL\BasCommon_BL.csproj", "{582662F6-833C-46B9-8236-4ED765A707EC}"
EndProject
Project("{FAE04EC0-301F-11D3-BF4B-00C04F79EFBC}") = "BasCommon_BO", "..\..\Bascontainer\BasCommon_BO\BasCommon_BO.csproj", "{763B2981-511B-447D-84F4-55916B5DB254}"
EndProject
Project("{FAE04EC0-301F-11D3-BF4B-00C04F79EFBC}") = "BasCommon_DAL", "..\..\Bascontainer\BasCommon_DAL\BasCommon_DAL.csproj", "{B415FA34-6BDA-4404-BDED-2CF312C9C01E}"
EndProject
Project("{FAE04EC0-301F-11D3-BF4B-00C04F79EFBC}") = "BaseCommonControls", "..\..\Bascontainer\BaseCommonControls\BaseCommonControls.csproj", "{8CB2A63C-249C-4DEA-BFE1-E60AA116725E}"
EndProject
Global
	GlobalSection(SolutionConfigurationPlatforms) = preSolution
		Debug|Any CPU = Debug|Any CPU
		Debug|x64 = Debug|x64
		Debug|x86 = Debug|x86
		Release_20|Any CPU = Release_20|Any CPU
		Release_20|x64 = Release_20|x64
		Release_20|x86 = Release_20|x86
		Release_Mono_w_Linux|Any CPU = Release_Mono_w_Linux|Any CPU
		Release_Mono_w_Linux|x64 = Release_Mono_w_Linux|x64
		Release_Mono_w_Linux|x86 = Release_Mono_w_Linux|x86
		Release|Any CPU = Release|Any CPU
		Release|x64 = Release|x64
		Release|x86 = Release|x86
	EndGlobalSection
	GlobalSection(ProjectConfigurationPlatforms) = postSolution
		{69D5B147-FAEB-4BB1-9B9E-199C96BAF94A}.Debug|Any CPU.ActiveCfg = Debug|Any CPU
		{69D5B147-FAEB-4BB1-9B9E-199C96BAF94A}.Debug|Any CPU.Build.0 = Debug|Any CPU
		{69D5B147-FAEB-4BB1-9B9E-199C96BAF94A}.Debug|x64.ActiveCfg = Debug|x86
		{69D5B147-FAEB-4BB1-9B9E-199C96BAF94A}.Debug|x86.ActiveCfg = Debug|x86
		{69D5B147-FAEB-4BB1-9B9E-199C96BAF94A}.Debug|x86.Build.0 = Debug|x86
		{69D5B147-FAEB-4BB1-9B9E-199C96BAF94A}.Release_20|Any CPU.ActiveCfg = Release|Any CPU
		{69D5B147-FAEB-4BB1-9B9E-199C96BAF94A}.Release_20|Any CPU.Build.0 = Release|Any CPU
		{69D5B147-FAEB-4BB1-9B9E-199C96BAF94A}.Release_20|x64.ActiveCfg = Release|x86
		{69D5B147-FAEB-4BB1-9B9E-199C96BAF94A}.Release_20|x86.ActiveCfg = Release|x86
		{69D5B147-FAEB-4BB1-9B9E-199C96BAF94A}.Release_20|x86.Build.0 = Release|x86
		{69D5B147-FAEB-4BB1-9B9E-199C96BAF94A}.Release_Mono_w_Linux|Any CPU.ActiveCfg = Release|Any CPU
		{69D5B147-FAEB-4BB1-9B9E-199C96BAF94A}.Release_Mono_w_Linux|Any CPU.Build.0 = Release|Any CPU
		{69D5B147-FAEB-4BB1-9B9E-199C96BAF94A}.Release_Mono_w_Linux|x64.ActiveCfg = Release|x86
		{69D5B147-FAEB-4BB1-9B9E-199C96BAF94A}.Release_Mono_w_Linux|x86.ActiveCfg = Release|x86
		{69D5B147-FAEB-4BB1-9B9E-199C96BAF94A}.Release_Mono_w_Linux|x86.Build.0 = Release|x86
		{69D5B147-FAEB-4BB1-9B9E-199C96BAF94A}.Release|Any CPU.ActiveCfg = Release|Any CPU
		{69D5B147-FAEB-4BB1-9B9E-199C96BAF94A}.Release|Any CPU.Build.0 = Release|Any CPU
		{69D5B147-FAEB-4BB1-9B9E-199C96BAF94A}.Release|x64.ActiveCfg = Release|x86
		{69D5B147-FAEB-4BB1-9B9E-199C96BAF94A}.Release|x86.ActiveCfg = Release|x86
		{69D5B147-FAEB-4BB1-9B9E-199C96BAF94A}.Release|x86.Build.0 = Release|x86
		{54FB615B-BF1E-4573-BE96-9E40D796D951}.Debug|Any CPU.ActiveCfg = Debug|Any CPU
		{54FB615B-BF1E-4573-BE96-9E40D796D951}.Debug|Any CPU.Build.0 = Debug|Any CPU
		{54FB615B-BF1E-4573-BE96-9E40D796D951}.Debug|x64.ActiveCfg = Debug|x86
		{54FB615B-BF1E-4573-BE96-9E40D796D951}.Debug|x86.ActiveCfg = Debug|x86
		{54FB615B-BF1E-4573-BE96-9E40D796D951}.Debug|x86.Build.0 = Debug|x86
		{54FB615B-BF1E-4573-BE96-9E40D796D951}.Release_20|Any CPU.ActiveCfg = Release|Any CPU
		{54FB615B-BF1E-4573-BE96-9E40D796D951}.Release_20|Any CPU.Build.0 = Release|Any CPU
		{54FB615B-BF1E-4573-BE96-9E40D796D951}.Release_20|x64.ActiveCfg = Release|x86
		{54FB615B-BF1E-4573-BE96-9E40D796D951}.Release_20|x86.ActiveCfg = Release|x86
		{54FB615B-BF1E-4573-BE96-9E40D796D951}.Release_20|x86.Build.0 = Release|x86
		{54FB615B-BF1E-4573-BE96-9E40D796D951}.Release_Mono_w_Linux|Any CPU.ActiveCfg = Release|Any CPU
		{54FB615B-BF1E-4573-BE96-9E40D796D951}.Release_Mono_w_Linux|Any CPU.Build.0 = Release|Any CPU
		{54FB615B-BF1E-4573-BE96-9E40D796D951}.Release_Mono_w_Linux|x64.ActiveCfg = Release|x86
		{54FB615B-BF1E-4573-BE96-9E40D796D951}.Release_Mono_w_Linux|x86.ActiveCfg = Release|x86
		{54FB615B-BF1E-4573-BE96-9E40D796D951}.Release_Mono_w_Linux|x86.Build.0 = Release|x86
		{54FB615B-BF1E-4573-BE96-9E40D796D951}.Release|Any CPU.ActiveCfg = Release|Any CPU
		{54FB615B-BF1E-4573-BE96-9E40D796D951}.Release|Any CPU.Build.0 = Release|Any CPU
		{54FB615B-BF1E-4573-BE96-9E40D796D951}.Release|x64.ActiveCfg = Release|x86
		{54FB615B-BF1E-4573-BE96-9E40D796D951}.Release|x86.ActiveCfg = Release|x86
		{54FB615B-BF1E-4573-BE96-9E40D796D951}.Release|x86.Build.0 = Release|x86
		{9F4D1AC2-9585-4630-B15A-87CC8BC270F4}.Debug|Any CPU.ActiveCfg = Debug|Any CPU
		{9F4D1AC2-9585-4630-B15A-87CC8BC270F4}.Debug|Any CPU.Build.0 = Debug|Any CPU
		{9F4D1AC2-9585-4630-B15A-87CC8BC270F4}.Debug|x64.ActiveCfg = Debug|x86
		{9F4D1AC2-9585-4630-B15A-87CC8BC270F4}.Debug|x86.ActiveCfg = Debug|x86
		{9F4D1AC2-9585-4630-B15A-87CC8BC270F4}.Debug|x86.Build.0 = Debug|x86
		{9F4D1AC2-9585-4630-B15A-87CC8BC270F4}.Release_20|Any CPU.ActiveCfg = Release|Any CPU
		{9F4D1AC2-9585-4630-B15A-87CC8BC270F4}.Release_20|Any CPU.Build.0 = Release|Any CPU
		{9F4D1AC2-9585-4630-B15A-87CC8BC270F4}.Release_20|x64.ActiveCfg = Release|x86
		{9F4D1AC2-9585-4630-B15A-87CC8BC270F4}.Release_20|x86.ActiveCfg = Release|x86
		{9F4D1AC2-9585-4630-B15A-87CC8BC270F4}.Release_20|x86.Build.0 = Release|x86
		{9F4D1AC2-9585-4630-B15A-87CC8BC270F4}.Release_Mono_w_Linux|Any CPU.ActiveCfg = Release|Any CPU
		{9F4D1AC2-9585-4630-B15A-87CC8BC270F4}.Release_Mono_w_Linux|Any CPU.Build.0 = Release|Any CPU
		{9F4D1AC2-9585-4630-B15A-87CC8BC270F4}.Release_Mono_w_Linux|x64.ActiveCfg = Release|x86
		{9F4D1AC2-9585-4630-B15A-87CC8BC270F4}.Release_Mono_w_Linux|x86.ActiveCfg = Release|x86
		{9F4D1AC2-9585-4630-B15A-87CC8BC270F4}.Release_Mono_w_Linux|x86.Build.0 = Release|x86
		{9F4D1AC2-9585-4630-B15A-87CC8BC270F4}.Release|Any CPU.ActiveCfg = Release|Any CPU
		{9F4D1AC2-9585-4630-B15A-87CC8BC270F4}.Release|Any CPU.Build.0 = Release|Any CPU
		{9F4D1AC2-9585-4630-B15A-87CC8BC270F4}.Release|x64.ActiveCfg = Release|x86
		{9F4D1AC2-9585-4630-B15A-87CC8BC270F4}.Release|x86.ActiveCfg = Release|x86
		{9F4D1AC2-9585-4630-B15A-87CC8BC270F4}.Release|x86.Build.0 = Release|x86
		{66AAEA18-5D92-48FE-A476-8268C7636532}.Debug|Any CPU.ActiveCfg = Debug|Any CPU
		{66AAEA18-5D92-48FE-A476-8268C7636532}.Debug|Any CPU.Build.0 = Debug|Any CPU
		{66AAEA18-5D92-48FE-A476-8268C7636532}.Debug|x64.ActiveCfg = Debug|x86
		{66AAEA18-5D92-48FE-A476-8268C7636532}.Debug|x86.ActiveCfg = Debug|x86
		{66AAEA18-5D92-48FE-A476-8268C7636532}.Debug|x86.Build.0 = Debug|x86
		{66AAEA18-5D92-48FE-A476-8268C7636532}.Release_20|Any CPU.ActiveCfg = Release|Any CPU
		{66AAEA18-5D92-48FE-A476-8268C7636532}.Release_20|Any CPU.Build.0 = Release|Any CPU
		{66AAEA18-5D92-48FE-A476-8268C7636532}.Release_20|x64.ActiveCfg = Release|x86
		{66AAEA18-5D92-48FE-A476-8268C7636532}.Release_20|x86.ActiveCfg = Release|x86
		{66AAEA18-5D92-48FE-A476-8268C7636532}.Release_20|x86.Build.0 = Release|x86
		{66AAEA18-5D92-48FE-A476-8268C7636532}.Release_Mono_w_Linux|Any CPU.ActiveCfg = Release|Any CPU
		{66AAEA18-5D92-48FE-A476-8268C7636532}.Release_Mono_w_Linux|Any CPU.Build.0 = Release|Any CPU
		{66AAEA18-5D92-48FE-A476-8268C7636532}.Release_Mono_w_Linux|x64.ActiveCfg = Release|x86
		{66AAEA18-5D92-48FE-A476-8268C7636532}.Release_Mono_w_Linux|x86.ActiveCfg = Release|x86
		{66AAEA18-5D92-48FE-A476-8268C7636532}.Release_Mono_w_Linux|x86.Build.0 = Release|x86
		{66AAEA18-5D92-48FE-A476-8268C7636532}.Release|Any CPU.ActiveCfg = Release|Any CPU
		{66AAEA18-5D92-48FE-A476-8268C7636532}.Release|Any CPU.Build.0 = Release|Any CPU
		{66AAEA18-5D92-48FE-A476-8268C7636532}.Release|x64.ActiveCfg = Release|x86
		{66AAEA18-5D92-48FE-A476-8268C7636532}.Release|x86.ActiveCfg = Release|x86
		{66AAEA18-5D92-48FE-A476-8268C7636532}.Release|x86.Build.0 = Release|x86
		{326A24F9-6259-45DB-835C-18DB80728460}.Debug|Any CPU.ActiveCfg = Debug|Any CPU
		{326A24F9-6259-45DB-835C-18DB80728460}.Debug|Any CPU.Build.0 = Debug|Any CPU
		{326A24F9-6259-45DB-835C-18DB80728460}.Debug|x64.ActiveCfg = Debug|x64
		{326A24F9-6259-45DB-835C-18DB80728460}.Debug|x64.Build.0 = Debug|x64
		{326A24F9-6259-45DB-835C-18DB80728460}.Debug|x86.ActiveCfg = Debug|x86
		{326A24F9-6259-45DB-835C-18DB80728460}.Debug|x86.Build.0 = Debug|x86
		{326A24F9-6259-45DB-835C-18DB80728460}.Release_20|Any CPU.ActiveCfg = Release_20|Any CPU
		{326A24F9-6259-45DB-835C-18DB80728460}.Release_20|Any CPU.Build.0 = Release_20|Any CPU
		{326A24F9-6259-45DB-835C-18DB80728460}.Release_20|x64.ActiveCfg = Release_20|x64
		{326A24F9-6259-45DB-835C-18DB80728460}.Release_20|x64.Build.0 = Release_20|x64
		{326A24F9-6259-45DB-835C-18DB80728460}.Release_20|x86.ActiveCfg = Release_20|x86
		{326A24F9-6259-45DB-835C-18DB80728460}.Release_20|x86.Build.0 = Release_20|x86
		{326A24F9-6259-45DB-835C-18DB80728460}.Release_Mono_w_Linux|Any CPU.ActiveCfg = Release_Mono_w_Linux|Any CPU
		{326A24F9-6259-45DB-835C-18DB80728460}.Release_Mono_w_Linux|Any CPU.Build.0 = Release_Mono_w_Linux|Any CPU
		{326A24F9-6259-45DB-835C-18DB80728460}.Release_Mono_w_Linux|x64.ActiveCfg = Release_Mono_w_Linux|x64
		{326A24F9-6259-45DB-835C-18DB80728460}.Release_Mono_w_Linux|x64.Build.0 = Release_Mono_w_Linux|x64
		{326A24F9-6259-45DB-835C-18DB80728460}.Release_Mono_w_Linux|x86.ActiveCfg = Release_Mono_w_Linux|x86
		{326A24F9-6259-45DB-835C-18DB80728460}.Release_Mono_w_Linux|x86.Build.0 = Release_Mono_w_Linux|x86
		{326A24F9-6259-45DB-835C-18DB80728460}.Release|Any CPU.ActiveCfg = Release|Any CPU
		{326A24F9-6259-45DB-835C-18DB80728460}.Release|Any CPU.Build.0 = Release|Any CPU
		{326A24F9-6259-45DB-835C-18DB80728460}.Release|x64.ActiveCfg = Release|x64
		{326A24F9-6259-45DB-835C-18DB80728460}.Release|x64.Build.0 = Release|x64
		{326A24F9-6259-45DB-835C-18DB80728460}.Release|x86.ActiveCfg = Release|x86
		{326A24F9-6259-45DB-835C-18DB80728460}.Release|x86.Build.0 = Release|x86
		{582662F6-833C-46B9-8236-4ED765A707EC}.Debug|Any CPU.ActiveCfg = Debug|Any CPU
		{582662F6-833C-46B9-8236-4ED765A707EC}.Debug|Any CPU.Build.0 = Debug|Any CPU
		{582662F6-833C-46B9-8236-4ED765A707EC}.Debug|x64.ActiveCfg = Debug|x64
		{582662F6-833C-46B9-8236-4ED765A707EC}.Debug|x64.Build.0 = Debug|x64
		{582662F6-833C-46B9-8236-4ED765A707EC}.Debug|x86.ActiveCfg = Debug|x86
		{582662F6-833C-46B9-8236-4ED765A707EC}.Debug|x86.Build.0 = Debug|x86
		{582662F6-833C-46B9-8236-4ED765A707EC}.Release_20|Any CPU.ActiveCfg = Release|x64
		{582662F6-833C-46B9-8236-4ED765A707EC}.Release_20|x64.ActiveCfg = Release|x64
		{582662F6-833C-46B9-8236-4ED765A707EC}.Release_20|x64.Build.0 = Release|x64
		{582662F6-833C-46B9-8236-4ED765A707EC}.Release_20|x86.ActiveCfg = Release|x64
		{582662F6-833C-46B9-8236-4ED765A707EC}.Release_Mono_w_Linux|Any CPU.ActiveCfg = Release|x64
		{582662F6-833C-46B9-8236-4ED765A707EC}.Release_Mono_w_Linux|x64.ActiveCfg = Release|x64
		{582662F6-833C-46B9-8236-4ED765A707EC}.Release_Mono_w_Linux|x64.Build.0 = Release|x64
		{582662F6-833C-46B9-8236-4ED765A707EC}.Release_Mono_w_Linux|x86.ActiveCfg = Release|x64
		{582662F6-833C-46B9-8236-4ED765A707EC}.Release|Any CPU.ActiveCfg = Release|Any CPU
		{582662F6-833C-46B9-8236-4ED765A707EC}.Release|Any CPU.Build.0 = Release|Any CPU
		{582662F6-833C-46B9-8236-4ED765A707EC}.Release|x64.ActiveCfg = Release|x64
		{582662F6-833C-46B9-8236-4ED765A707EC}.Release|x64.Build.0 = Release|x64
		{582662F6-833C-46B9-8236-4ED765A707EC}.Release|x86.ActiveCfg = Release|x86
		{582662F6-833C-46B9-8236-4ED765A707EC}.Release|x86.Build.0 = Release|x86
		{763B2981-511B-447D-84F4-55916B5DB254}.Debug|Any CPU.ActiveCfg = Debug|Any CPU
		{763B2981-511B-447D-84F4-55916B5DB254}.Debug|Any CPU.Build.0 = Debug|Any CPU
		{763B2981-511B-447D-84F4-55916B5DB254}.Debug|x64.ActiveCfg = Debug|x64
		{763B2981-511B-447D-84F4-55916B5DB254}.Debug|x64.Build.0 = Debug|x64
		{763B2981-511B-447D-84F4-55916B5DB254}.Debug|x86.ActiveCfg = Debug|x86
		{763B2981-511B-447D-84F4-55916B5DB254}.Debug|x86.Build.0 = Debug|x86
		{763B2981-511B-447D-84F4-55916B5DB254}.Release_20|Any CPU.ActiveCfg = Release|x64
		{763B2981-511B-447D-84F4-55916B5DB254}.Release_20|x64.ActiveCfg = Release|x64
		{763B2981-511B-447D-84F4-55916B5DB254}.Release_20|x64.Build.0 = Release|x64
		{763B2981-511B-447D-84F4-55916B5DB254}.Release_20|x86.ActiveCfg = Release|x64
		{763B2981-511B-447D-84F4-55916B5DB254}.Release_Mono_w_Linux|Any CPU.ActiveCfg = Release|x64
		{763B2981-511B-447D-84F4-55916B5DB254}.Release_Mono_w_Linux|x64.ActiveCfg = Release|x64
		{763B2981-511B-447D-84F4-55916B5DB254}.Release_Mono_w_Linux|x64.Build.0 = Release|x64
		{763B2981-511B-447D-84F4-55916B5DB254}.Release_Mono_w_Linux|x86.ActiveCfg = Release|x64
		{763B2981-511B-447D-84F4-55916B5DB254}.Release|Any CPU.ActiveCfg = Release|Any CPU
		{763B2981-511B-447D-84F4-55916B5DB254}.Release|Any CPU.Build.0 = Release|Any CPU
		{763B2981-511B-447D-84F4-55916B5DB254}.Release|x64.ActiveCfg = Release|x64
		{763B2981-511B-447D-84F4-55916B5DB254}.Release|x64.Build.0 = Release|x64
		{763B2981-511B-447D-84F4-55916B5DB254}.Release|x86.ActiveCfg = Release|x86
		{763B2981-511B-447D-84F4-55916B5DB254}.Release|x86.Build.0 = Release|x86
		{B415FA34-6BDA-4404-BDED-2CF312C9C01E}.Debug|Any CPU.ActiveCfg = Debug|Any CPU
		{B415FA34-6BDA-4404-BDED-2CF312C9C01E}.Debug|Any CPU.Build.0 = Debug|Any CPU
		{B415FA34-6BDA-4404-BDED-2CF312C9C01E}.Debug|x64.ActiveCfg = Debug|x64
		{B415FA34-6BDA-4404-BDED-2CF312C9C01E}.Debug|x64.Build.0 = Debug|x64
		{B415FA34-6BDA-4404-BDED-2CF312C9C01E}.Debug|x86.ActiveCfg = Debug|x86
		{B415FA34-6BDA-4404-BDED-2CF312C9C01E}.Debug|x86.Build.0 = Debug|x86
		{B415FA34-6BDA-4404-BDED-2CF312C9C01E}.Release_20|Any CPU.ActiveCfg = Release|x64
		{B415FA34-6BDA-4404-BDED-2CF312C9C01E}.Release_20|x64.ActiveCfg = Release|x64
		{B415FA34-6BDA-4404-BDED-2CF312C9C01E}.Release_20|x64.Build.0 = Release|x64
		{B415FA34-6BDA-4404-BDED-2CF312C9C01E}.Release_20|x86.ActiveCfg = Release|x64
		{B415FA34-6BDA-4404-BDED-2CF312C9C01E}.Release_Mono_w_Linux|Any CPU.ActiveCfg = Release|x64
		{B415FA34-6BDA-4404-BDED-2CF312C9C01E}.Release_Mono_w_Linux|x64.ActiveCfg = Release|x64
		{B415FA34-6BDA-4404-BDED-2CF312C9C01E}.Release_Mono_w_Linux|x64.Build.0 = Release|x64
		{B415FA34-6BDA-4404-BDED-2CF312C9C01E}.Release_Mono_w_Linux|x86.ActiveCfg = Release|x64
		{B415FA34-6BDA-4404-BDED-2CF312C9C01E}.Release|Any CPU.ActiveCfg = Release|Any CPU
		{B415FA34-6BDA-4404-BDED-2CF312C9C01E}.Release|Any CPU.Build.0 = Release|Any CPU
		{B415FA34-6BDA-4404-BDED-2CF312C9C01E}.Release|x64.ActiveCfg = Release|x64
		{B415FA34-6BDA-4404-BDED-2CF312C9C01E}.Release|x64.Build.0 = Release|x64
		{B415FA34-6BDA-4404-BDED-2CF312C9C01E}.Release|x86.ActiveCfg = Release|x86
		{B415FA34-6BDA-4404-BDED-2CF312C9C01E}.Release|x86.Build.0 = Release|x86
		{8CB2A63C-249C-4DEA-BFE1-E60AA116725E}.Debug|Any CPU.ActiveCfg = Debug|Any CPU
		{8CB2A63C-249C-4DEA-BFE1-E60AA116725E}.Debug|Any CPU.Build.0 = Debug|Any CPU
		{8CB2A63C-249C-4DEA-BFE1-E60AA116725E}.Debug|x64.ActiveCfg = Debug|x86
		{8CB2A63C-249C-4DEA-BFE1-E60AA116725E}.Debug|x86.ActiveCfg = Debug|x86
		{8CB2A63C-249C-4DEA-BFE1-E60AA116725E}.Debug|x86.Build.0 = Debug|x86
		{8CB2A63C-249C-4DEA-BFE1-E60AA116725E}.Release_20|Any CPU.ActiveCfg = Release|x86
		{8CB2A63C-249C-4DEA-BFE1-E60AA116725E}.Release_20|x64.ActiveCfg = Release|x86
		{8CB2A63C-249C-4DEA-BFE1-E60AA116725E}.Release_20|x86.ActiveCfg = Release|x86
		{8CB2A63C-249C-4DEA-BFE1-E60AA116725E}.Release_20|x86.Build.0 = Release|x86
		{8CB2A63C-249C-4DEA-BFE1-E60AA116725E}.Release_Mono_w_Linux|Any CPU.ActiveCfg = Release|x86
		{8CB2A63C-249C-4DEA-BFE1-E60AA116725E}.Release_Mono_w_Linux|x64.ActiveCfg = Release|x86
		{8CB2A63C-249C-4DEA-BFE1-E60AA116725E}.Release_Mono_w_Linux|x86.ActiveCfg = Release|x86
		{8CB2A63C-249C-4DEA-BFE1-E60AA116725E}.Release_Mono_w_Linux|x86.Build.0 = Release|x86
		{8CB2A63C-249C-4DEA-BFE1-E60AA116725E}.Release|Any CPU.ActiveCfg = Release|Any CPU
		{8CB2A63C-249C-4DEA-BFE1-E60AA116725E}.Release|Any CPU.Build.0 = Release|Any CPU
		{8CB2A63C-249C-4DEA-BFE1-E60AA116725E}.Release|x64.ActiveCfg = Release|x86
		{8CB2A63C-249C-4DEA-BFE1-E60AA116725E}.Release|x86.ActiveCfg = Release|x86
		{8CB2A63C-249C-4DEA-BFE1-E60AA116725E}.Release|x86.Build.0 = Release|x86
	EndGlobalSection
	GlobalSection(SolutionProperties) = preSolution
		HideSolutionNode = FALSE
	EndGlobalSection
EndGlobal
