
Microsoft Visual Studio Solution File, Format Version 12.00
# Visual Studio 2012
Project("{FAE04EC0-301F-11D3-BF4B-00C04F79EFBC}") = "FrmContainer", "..\..\BaseContainer\FrmContainer.csproj", "{82D7DE41-60E6-4A3E-94DC-8A4A5CAD5C7B}"
EndProject
Project("{FAE04EC0-301F-11D3-BF4B-00C04F79EFBC}") = "BasCommon_BL", "..\..\BasCommon_BL\BasCommon_BL.csproj", "{582662F6-833C-46B9-8236-4ED765A707EC}"
EndProject
Project("{FAE04EC0-301F-11D3-BF4B-00C04F79EFBC}") = "BasCommon_BO", "..\..\BasCommon_BO\BasCommon_BO.csproj", "{763B2981-511B-447D-84F4-55916B5DB254}"
EndProject
Project("{FAE04EC0-301F-11D3-BF4B-00C04F79EFBC}") = "BasCommon_DAL", "..\..\BasCommon_DAL\BasCommon_DAL.csproj", "{B415FA34-6BDA-4404-BDED-2CF312C9C01E}"
EndProject
Project("{FAE04EC0-301F-11D3-BF4B-00C04F79EFBC}") = "BaseCommonControls", "..\..\BaseCommonControls\BaseCommonControls.csproj", "{8CB2A63C-249C-4DEA-BFE1-E60AA116725E}"
EndProject
Project("{FAE04EC0-301F-11D3-BF4B-00C04F79EFBC}") = "FrmContainer_BO", "FrmContainer_BO\FrmContainer_BO.csproj", "{9B41E906-E4A7-426C-9DBC-1BFE7245C34C}"
EndProject
Project("{FAE04EC0-301F-11D3-BF4B-00C04F79EFBC}") = "FrmContainer_BL", "FrmContainer_BL\FrmContainer_BL.csproj", "{8218B939-A0DB-4BCB-88EC-8F94A27F8FED}"
EndProject
Project("{FAE04EC0-301F-11D3-BF4B-00C04F79EFBC}") = "FrmContainer_DAL", "FrmContainer_DAL\FrmContainer_DAL.csproj", "{B0BADE55-64CD-47A6-841D-B53CC72DBF23}"
EndProject
Project("{FAE04EC0-301F-11D3-BF4B-00C04F79EFBC}") = "FirebirdSql.Data.FirebirdClient", "..\..\FirebirdSql.Data.FirebirdClient\FirebirdSql.Data.FirebirdClient.csproj", "{326A24F9-6259-45DB-835C-18DB80728460}"
EndProject
Global
	GlobalSection(SolutionConfigurationPlatforms) = preSolution
		Debug|Any CPU = Debug|Any CPU
		Debug|x64 = Debug|x64
		Debug|x86 = Debug|x86
		MONO|Any CPU = MONO|Any CPU
		MONO|x64 = MONO|x64
		MONO|x86 = MONO|x86
		Release_20|Any CPU = Release_20|Any CPU
		Release_20|x64 = Release_20|x64
		Release_20|x86 = Release_20|x86
		Release_Mono_w_Linux|Any CPU = Release_Mono_w_Linux|Any CPU
		Release_Mono_w_Linux|x64 = Release_Mono_w_Linux|x64
		Release_Mono_w_Linux|x86 = Release_Mono_w_Linux|x86
		Release|Any CPU = Release|Any CPU
		Release|x64 = Release|x64
		Release|x86 = Release|x86
	EndGlobalSection
	GlobalSection(ProjectConfigurationPlatforms) = postSolution
		{82D7DE41-60E6-4A3E-94DC-8A4A5CAD5C7B}.Debug|Any CPU.ActiveCfg = Debug|Any CPU
		{82D7DE41-60E6-4A3E-94DC-8A4A5CAD5C7B}.Debug|Any CPU.Build.0 = Debug|Any CPU
		{82D7DE41-60E6-4A3E-94DC-8A4A5CAD5C7B}.Debug|x64.ActiveCfg = Debug|x64
		{82D7DE41-60E6-4A3E-94DC-8A4A5CAD5C7B}.Debug|x64.Build.0 = Debug|x64
		{82D7DE41-60E6-4A3E-94DC-8A4A5CAD5C7B}.Debug|x86.ActiveCfg = Debug|x86
		{82D7DE41-60E6-4A3E-94DC-8A4A5CAD5C7B}.Debug|x86.Build.0 = Debug|x86
		{82D7DE41-60E6-4A3E-94DC-8A4A5CAD5C7B}.MONO|Any CPU.ActiveCfg = Release|x64
		{82D7DE41-60E6-4A3E-94DC-8A4A5CAD5C7B}.MONO|x64.ActiveCfg = Release|x64
		{82D7DE41-60E6-4A3E-94DC-8A4A5CAD5C7B}.MONO|x64.Build.0 = Release|x64
		{82D7DE41-60E6-4A3E-94DC-8A4A5CAD5C7B}.MONO|x86.ActiveCfg = Release|x64
		{82D7DE41-60E6-4A3E-94DC-8A4A5CAD5C7B}.Release_20|Any CPU.ActiveCfg = Release|x64
		{82D7DE41-60E6-4A3E-94DC-8A4A5CAD5C7B}.Release_20|x64.ActiveCfg = Release|x64
		{82D7DE41-60E6-4A3E-94DC-8A4A5CAD5C7B}.Release_20|x64.Build.0 = Release|x64
		{82D7DE41-60E6-4A3E-94DC-8A4A5CAD5C7B}.Release_20|x86.ActiveCfg = Release|x64
		{82D7DE41-60E6-4A3E-94DC-8A4A5CAD5C7B}.Release_Mono_w_Linux|Any CPU.ActiveCfg = Release|x64
		{82D7DE41-60E6-4A3E-94DC-8A4A5CAD5C7B}.Release_Mono_w_Linux|x64.ActiveCfg = Release|x64
		{82D7DE41-60E6-4A3E-94DC-8A4A5CAD5C7B}.Release_Mono_w_Linux|x64.Build.0 = Release|x64
		{82D7DE41-60E6-4A3E-94DC-8A4A5CAD5C7B}.Release_Mono_w_Linux|x86.ActiveCfg = Release|x64
		{82D7DE41-60E6-4A3E-94DC-8A4A5CAD5C7B}.Release|Any CPU.ActiveCfg = Release|Any CPU
		{82D7DE41-60E6-4A3E-94DC-8A4A5CAD5C7B}.Release|Any CPU.Build.0 = Release|Any CPU
		{82D7DE41-60E6-4A3E-94DC-8A4A5CAD5C7B}.Release|x64.ActiveCfg = Release|x64
		{82D7DE41-60E6-4A3E-94DC-8A4A5CAD5C7B}.Release|x64.Build.0 = Release|x64
		{82D7DE41-60E6-4A3E-94DC-8A4A5CAD5C7B}.Release|x86.ActiveCfg = Release|x86
		{82D7DE41-60E6-4A3E-94DC-8A4A5CAD5C7B}.Release|x86.Build.0 = Release|x86
		{582662F6-833C-46B9-8236-4ED765A707EC}.Debug|Any CPU.ActiveCfg = Debug|Any CPU
		{582662F6-833C-46B9-8236-4ED765A707EC}.Debug|Any CPU.Build.0 = Debug|Any CPU
		{582662F6-833C-46B9-8236-4ED765A707EC}.Debug|x64.ActiveCfg = Debug|x64
		{582662F6-833C-46B9-8236-4ED765A707EC}.Debug|x64.Build.0 = Debug|x64
		{582662F6-833C-46B9-8236-4ED765A707EC}.Debug|x86.ActiveCfg = Debug|x86
		{582662F6-833C-46B9-8236-4ED765A707EC}.Debug|x86.Build.0 = Debug|x86
		{582662F6-833C-46B9-8236-4ED765A707EC}.MONO|Any CPU.ActiveCfg = Release|x64
		{582662F6-833C-46B9-8236-4ED765A707EC}.MONO|x64.ActiveCfg = Release|x64
		{582662F6-833C-46B9-8236-4ED765A707EC}.MONO|x64.Build.0 = Release|x64
		{582662F6-833C-46B9-8236-4ED765A707EC}.MONO|x86.ActiveCfg = Release|x64
		{582662F6-833C-46B9-8236-4ED765A707EC}.Release_20|Any CPU.ActiveCfg = Release|x64
		{582662F6-833C-46B9-8236-4ED765A707EC}.Release_20|x64.ActiveCfg = Release|x64
		{582662F6-833C-46B9-8236-4ED765A707EC}.Release_20|x64.Build.0 = Release|x64
		{582662F6-833C-46B9-8236-4ED765A707EC}.Release_20|x86.ActiveCfg = Release|x64
		{582662F6-833C-46B9-8236-4ED765A707EC}.Release_Mono_w_Linux|Any CPU.ActiveCfg = Release|x64
		{582662F6-833C-46B9-8236-4ED765A707EC}.Release_Mono_w_Linux|x64.ActiveCfg = Release|x64
		{582662F6-833C-46B9-8236-4ED765A707EC}.Release_Mono_w_Linux|x64.Build.0 = Release|x64
		{582662F6-833C-46B9-8236-4ED765A707EC}.Release_Mono_w_Linux|x86.ActiveCfg = Release|x64
		{582662F6-833C-46B9-8236-4ED765A707EC}.Release|Any CPU.ActiveCfg = Release|Any CPU
		{582662F6-833C-46B9-8236-4ED765A707EC}.Release|Any CPU.Build.0 = Release|Any CPU
		{582662F6-833C-46B9-8236-4ED765A707EC}.Release|x64.ActiveCfg = Release|x64
		{582662F6-833C-46B9-8236-4ED765A707EC}.Release|x64.Build.0 = Release|x64
		{582662F6-833C-46B9-8236-4ED765A707EC}.Release|x86.ActiveCfg = Release|x86
		{582662F6-833C-46B9-8236-4ED765A707EC}.Release|x86.Build.0 = Release|x86
		{763B2981-511B-447D-84F4-55916B5DB254}.Debug|Any CPU.ActiveCfg = Debug|Any CPU
		{763B2981-511B-447D-84F4-55916B5DB254}.Debug|Any CPU.Build.0 = Debug|Any CPU
		{763B2981-511B-447D-84F4-55916B5DB254}.Debug|x64.ActiveCfg = Debug|x64
		{763B2981-511B-447D-84F4-55916B5DB254}.Debug|x64.Build.0 = Debug|x64
		{763B2981-511B-447D-84F4-55916B5DB254}.Debug|x86.ActiveCfg = Debug|x86
		{763B2981-511B-447D-84F4-55916B5DB254}.Debug|x86.Build.0 = Debug|x86
		{763B2981-511B-447D-84F4-55916B5DB254}.MONO|Any CPU.ActiveCfg = Release|x64
		{763B2981-511B-447D-84F4-55916B5DB254}.MONO|x64.ActiveCfg = Release|x64
		{763B2981-511B-447D-84F4-55916B5DB254}.MONO|x64.Build.0 = Release|x64
		{763B2981-511B-447D-84F4-55916B5DB254}.MONO|x86.ActiveCfg = Release|x64
		{763B2981-511B-447D-84F4-55916B5DB254}.Release_20|Any CPU.ActiveCfg = Release|x64
		{763B2981-511B-447D-84F4-55916B5DB254}.Release_20|x64.ActiveCfg = Release|x64
		{763B2981-511B-447D-84F4-55916B5DB254}.Release_20|x64.Build.0 = Release|x64
		{763B2981-511B-447D-84F4-55916B5DB254}.Release_20|x86.ActiveCfg = Release|x64
		{763B2981-511B-447D-84F4-55916B5DB254}.Release_Mono_w_Linux|Any CPU.ActiveCfg = Release|x64
		{763B2981-511B-447D-84F4-55916B5DB254}.Release_Mono_w_Linux|x64.ActiveCfg = Release|x64
		{763B2981-511B-447D-84F4-55916B5DB254}.Release_Mono_w_Linux|x64.Build.0 = Release|x64
		{763B2981-511B-447D-84F4-55916B5DB254}.Release_Mono_w_Linux|x86.ActiveCfg = Release|x64
		{763B2981-511B-447D-84F4-55916B5DB254}.Release|Any CPU.ActiveCfg = Release|Any CPU
		{763B2981-511B-447D-84F4-55916B5DB254}.Release|Any CPU.Build.0 = Release|Any CPU
		{763B2981-511B-447D-84F4-55916B5DB254}.Release|x64.ActiveCfg = Release|x64
		{763B2981-511B-447D-84F4-55916B5DB254}.Release|x64.Build.0 = Release|x64
		{763B2981-511B-447D-84F4-55916B5DB254}.Release|x86.ActiveCfg = Release|x86
		{763B2981-511B-447D-84F4-55916B5DB254}.Release|x86.Build.0 = Release|x86
		{B415FA34-6BDA-4404-BDED-2CF312C9C01E}.Debug|Any CPU.ActiveCfg = Debug|Any CPU
		{B415FA34-6BDA-4404-BDED-2CF312C9C01E}.Debug|Any CPU.Build.0 = Debug|Any CPU
		{B415FA34-6BDA-4404-BDED-2CF312C9C01E}.Debug|x64.ActiveCfg = Debug|x64
		{B415FA34-6BDA-4404-BDED-2CF312C9C01E}.Debug|x64.Build.0 = Debug|x64
		{B415FA34-6BDA-4404-BDED-2CF312C9C01E}.Debug|x86.ActiveCfg = Debug|x86
		{B415FA34-6BDA-4404-BDED-2CF312C9C01E}.Debug|x86.Build.0 = Debug|x86
		{B415FA34-6BDA-4404-BDED-2CF312C9C01E}.MONO|Any CPU.ActiveCfg = Release|x64
		{B415FA34-6BDA-4404-BDED-2CF312C9C01E}.MONO|x64.ActiveCfg = Release|x64
		{B415FA34-6BDA-4404-BDED-2CF312C9C01E}.MONO|x64.Build.0 = Release|x64
		{B415FA34-6BDA-4404-BDED-2CF312C9C01E}.MONO|x86.ActiveCfg = Release|x64
		{B415FA34-6BDA-4404-BDED-2CF312C9C01E}.Release_20|Any CPU.ActiveCfg = Release|x64
		{B415FA34-6BDA-4404-BDED-2CF312C9C01E}.Release_20|x64.ActiveCfg = Release|x64
		{B415FA34-6BDA-4404-BDED-2CF312C9C01E}.Release_20|x64.Build.0 = Release|x64
		{B415FA34-6BDA-4404-BDED-2CF312C9C01E}.Release_20|x86.ActiveCfg = Release|x64
		{B415FA34-6BDA-4404-BDED-2CF312C9C01E}.Release_Mono_w_Linux|Any CPU.ActiveCfg = Release|x64
		{B415FA34-6BDA-4404-BDED-2CF312C9C01E}.Release_Mono_w_Linux|x64.ActiveCfg = Release|x64
		{B415FA34-6BDA-4404-BDED-2CF312C9C01E}.Release_Mono_w_Linux|x64.Build.0 = Release|x64
		{B415FA34-6BDA-4404-BDED-2CF312C9C01E}.Release_Mono_w_Linux|x86.ActiveCfg = Release|x64
		{B415FA34-6BDA-4404-BDED-2CF312C9C01E}.Release|Any CPU.ActiveCfg = Release|Any CPU
		{B415FA34-6BDA-4404-BDED-2CF312C9C01E}.Release|Any CPU.Build.0 = Release|Any CPU
		{B415FA34-6BDA-4404-BDED-2CF312C9C01E}.Release|x64.ActiveCfg = Release|x64
		{B415FA34-6BDA-4404-BDED-2CF312C9C01E}.Release|x64.Build.0 = Release|x64
		{B415FA34-6BDA-4404-BDED-2CF312C9C01E}.Release|x86.ActiveCfg = Release|x86
		{B415FA34-6BDA-4404-BDED-2CF312C9C01E}.Release|x86.Build.0 = Release|x86
		{8CB2A63C-249C-4DEA-BFE1-E60AA116725E}.Debug|Any CPU.ActiveCfg = Debug|Any CPU
		{8CB2A63C-249C-4DEA-BFE1-E60AA116725E}.Debug|Any CPU.Build.0 = Debug|Any CPU
		{8CB2A63C-249C-4DEA-BFE1-E60AA116725E}.Debug|x64.ActiveCfg = Debug|Any CPU
		{8CB2A63C-249C-4DEA-BFE1-E60AA116725E}.Debug|x86.ActiveCfg = Debug|Any CPU
		{8CB2A63C-249C-4DEA-BFE1-E60AA116725E}.MONO|Any CPU.ActiveCfg = Release|Any CPU
		{8CB2A63C-249C-4DEA-BFE1-E60AA116725E}.MONO|Any CPU.Build.0 = Release|Any CPU
		{8CB2A63C-249C-4DEA-BFE1-E60AA116725E}.MONO|x64.ActiveCfg = Release|Any CPU
		{8CB2A63C-249C-4DEA-BFE1-E60AA116725E}.MONO|x86.ActiveCfg = Release|Any CPU
		{8CB2A63C-249C-4DEA-BFE1-E60AA116725E}.Release_20|Any CPU.ActiveCfg = Release|Any CPU
		{8CB2A63C-249C-4DEA-BFE1-E60AA116725E}.Release_20|Any CPU.Build.0 = Release|Any CPU
		{8CB2A63C-249C-4DEA-BFE1-E60AA116725E}.Release_20|x64.ActiveCfg = Release|Any CPU
		{8CB2A63C-249C-4DEA-BFE1-E60AA116725E}.Release_20|x86.ActiveCfg = Release|Any CPU
		{8CB2A63C-249C-4DEA-BFE1-E60AA116725E}.Release_Mono_w_Linux|Any CPU.ActiveCfg = Release|Any CPU
		{8CB2A63C-249C-4DEA-BFE1-E60AA116725E}.Release_Mono_w_Linux|Any CPU.Build.0 = Release|Any CPU
		{8CB2A63C-249C-4DEA-BFE1-E60AA116725E}.Release_Mono_w_Linux|x64.ActiveCfg = Release|Any CPU
		{8CB2A63C-249C-4DEA-BFE1-E60AA116725E}.Release_Mono_w_Linux|x86.ActiveCfg = Release|Any CPU
		{8CB2A63C-249C-4DEA-BFE1-E60AA116725E}.Release|Any CPU.ActiveCfg = Release|Any CPU
		{8CB2A63C-249C-4DEA-BFE1-E60AA116725E}.Release|Any CPU.Build.0 = Release|Any CPU
		{8CB2A63C-249C-4DEA-BFE1-E60AA116725E}.Release|x64.ActiveCfg = Release|Any CPU
		{8CB2A63C-249C-4DEA-BFE1-E60AA116725E}.Release|x86.ActiveCfg = Release|Any CPU
		{9B41E906-E4A7-426C-9DBC-1BFE7245C34C}.Debug|Any CPU.ActiveCfg = Debug|Any CPU
		{9B41E906-E4A7-426C-9DBC-1BFE7245C34C}.Debug|Any CPU.Build.0 = Debug|Any CPU
		{9B41E906-E4A7-426C-9DBC-1BFE7245C34C}.Debug|x64.ActiveCfg = Debug|Any CPU
		{9B41E906-E4A7-426C-9DBC-1BFE7245C34C}.Debug|x86.ActiveCfg = Debug|Any CPU
		{9B41E906-E4A7-426C-9DBC-1BFE7245C34C}.MONO|Any CPU.ActiveCfg = Release|Any CPU
		{9B41E906-E4A7-426C-9DBC-1BFE7245C34C}.MONO|Any CPU.Build.0 = Release|Any CPU
		{9B41E906-E4A7-426C-9DBC-1BFE7245C34C}.MONO|x64.ActiveCfg = Release|Any CPU
		{9B41E906-E4A7-426C-9DBC-1BFE7245C34C}.MONO|x86.ActiveCfg = Release|Any CPU
		{9B41E906-E4A7-426C-9DBC-1BFE7245C34C}.Release_20|Any CPU.ActiveCfg = Release|Any CPU
		{9B41E906-E4A7-426C-9DBC-1BFE7245C34C}.Release_20|Any CPU.Build.0 = Release|Any CPU
		{9B41E906-E4A7-426C-9DBC-1BFE7245C34C}.Release_20|x64.ActiveCfg = Release|Any CPU
		{9B41E906-E4A7-426C-9DBC-1BFE7245C34C}.Release_20|x86.ActiveCfg = Release|Any CPU
		{9B41E906-E4A7-426C-9DBC-1BFE7245C34C}.Release_Mono_w_Linux|Any CPU.ActiveCfg = Release|Any CPU
		{9B41E906-E4A7-426C-9DBC-1BFE7245C34C}.Release_Mono_w_Linux|Any CPU.Build.0 = Release|Any CPU
		{9B41E906-E4A7-426C-9DBC-1BFE7245C34C}.Release_Mono_w_Linux|x64.ActiveCfg = Release|Any CPU
		{9B41E906-E4A7-426C-9DBC-1BFE7245C34C}.Release_Mono_w_Linux|x86.ActiveCfg = Release|Any CPU
		{9B41E906-E4A7-426C-9DBC-1BFE7245C34C}.Release|Any CPU.ActiveCfg = Release|Any CPU
		{9B41E906-E4A7-426C-9DBC-1BFE7245C34C}.Release|Any CPU.Build.0 = Release|Any CPU
		{9B41E906-E4A7-426C-9DBC-1BFE7245C34C}.Release|x64.ActiveCfg = Release|Any CPU
		{9B41E906-E4A7-426C-9DBC-1BFE7245C34C}.Release|x86.ActiveCfg = Release|Any CPU
		{8218B939-A0DB-4BCB-88EC-8F94A27F8FED}.Debug|Any CPU.ActiveCfg = Debug|Any CPU
		{8218B939-A0DB-4BCB-88EC-8F94A27F8FED}.Debug|Any CPU.Build.0 = Debug|Any CPU
		{8218B939-A0DB-4BCB-88EC-8F94A27F8FED}.Debug|x64.ActiveCfg = Debug|Any CPU
		{8218B939-A0DB-4BCB-88EC-8F94A27F8FED}.Debug|x86.ActiveCfg = Debug|Any CPU
		{8218B939-A0DB-4BCB-88EC-8F94A27F8FED}.MONO|Any CPU.ActiveCfg = Release|Any CPU
		{8218B939-A0DB-4BCB-88EC-8F94A27F8FED}.MONO|Any CPU.Build.0 = Release|Any CPU
		{8218B939-A0DB-4BCB-88EC-8F94A27F8FED}.MONO|x64.ActiveCfg = Release|Any CPU
		{8218B939-A0DB-4BCB-88EC-8F94A27F8FED}.MONO|x86.ActiveCfg = Release|Any CPU
		{8218B939-A0DB-4BCB-88EC-8F94A27F8FED}.Release_20|Any CPU.ActiveCfg = Release|Any CPU
		{8218B939-A0DB-4BCB-88EC-8F94A27F8FED}.Release_20|Any CPU.Build.0 = Release|Any CPU
		{8218B939-A0DB-4BCB-88EC-8F94A27F8FED}.Release_20|x64.ActiveCfg = Release|Any CPU
		{8218B939-A0DB-4BCB-88EC-8F94A27F8FED}.Release_20|x86.ActiveCfg = Release|Any CPU
		{8218B939-A0DB-4BCB-88EC-8F94A27F8FED}.Release_Mono_w_Linux|Any CPU.ActiveCfg = Release|Any CPU
		{8218B939-A0DB-4BCB-88EC-8F94A27F8FED}.Release_Mono_w_Linux|Any CPU.Build.0 = Release|Any CPU
		{8218B939-A0DB-4BCB-88EC-8F94A27F8FED}.Release_Mono_w_Linux|x64.ActiveCfg = Release|Any CPU
		{8218B939-A0DB-4BCB-88EC-8F94A27F8FED}.Release_Mono_w_Linux|x86.ActiveCfg = Release|Any CPU
		{8218B939-A0DB-4BCB-88EC-8F94A27F8FED}.Release|Any CPU.ActiveCfg = Release|Any CPU
		{8218B939-A0DB-4BCB-88EC-8F94A27F8FED}.Release|Any CPU.Build.0 = Release|Any CPU
		{8218B939-A0DB-4BCB-88EC-8F94A27F8FED}.Release|x64.ActiveCfg = Release|Any CPU
		{8218B939-A0DB-4BCB-88EC-8F94A27F8FED}.Release|x86.ActiveCfg = Release|Any CPU
		{B0BADE55-64CD-47A6-841D-B53CC72DBF23}.Debug|Any CPU.ActiveCfg = Debug|Any CPU
		{B0BADE55-64CD-47A6-841D-B53CC72DBF23}.Debug|Any CPU.Build.0 = Debug|Any CPU
		{B0BADE55-64CD-47A6-841D-B53CC72DBF23}.Debug|x64.ActiveCfg = Debug|Any CPU
		{B0BADE55-64CD-47A6-841D-B53CC72DBF23}.Debug|x86.ActiveCfg = Debug|Any CPU
		{B0BADE55-64CD-47A6-841D-B53CC72DBF23}.MONO|Any CPU.ActiveCfg = Release|Any CPU
		{B0BADE55-64CD-47A6-841D-B53CC72DBF23}.MONO|Any CPU.Build.0 = Release|Any CPU
		{B0BADE55-64CD-47A6-841D-B53CC72DBF23}.MONO|x64.ActiveCfg = Release|Any CPU
		{B0BADE55-64CD-47A6-841D-B53CC72DBF23}.MONO|x86.ActiveCfg = Release|Any CPU
		{B0BADE55-64CD-47A6-841D-B53CC72DBF23}.Release_20|Any CPU.ActiveCfg = Release|Any CPU
		{B0BADE55-64CD-47A6-841D-B53CC72DBF23}.Release_20|Any CPU.Build.0 = Release|Any CPU
		{B0BADE55-64CD-47A6-841D-B53CC72DBF23}.Release_20|x64.ActiveCfg = Release|Any CPU
		{B0BADE55-64CD-47A6-841D-B53CC72DBF23}.Release_20|x86.ActiveCfg = Release|Any CPU
		{B0BADE55-64CD-47A6-841D-B53CC72DBF23}.Release_Mono_w_Linux|Any CPU.ActiveCfg = Release|Any CPU
		{B0BADE55-64CD-47A6-841D-B53CC72DBF23}.Release_Mono_w_Linux|Any CPU.Build.0 = Release|Any CPU
		{B0BADE55-64CD-47A6-841D-B53CC72DBF23}.Release_Mono_w_Linux|x64.ActiveCfg = Release|Any CPU
		{B0BADE55-64CD-47A6-841D-B53CC72DBF23}.Release_Mono_w_Linux|x86.ActiveCfg = Release|Any CPU
		{B0BADE55-64CD-47A6-841D-B53CC72DBF23}.Release|Any CPU.ActiveCfg = Release|Any CPU
		{B0BADE55-64CD-47A6-841D-B53CC72DBF23}.Release|Any CPU.Build.0 = Release|Any CPU
		{B0BADE55-64CD-47A6-841D-B53CC72DBF23}.Release|x64.ActiveCfg = Release|Any CPU
		{B0BADE55-64CD-47A6-841D-B53CC72DBF23}.Release|x86.ActiveCfg = Release|Any CPU
		{326A24F9-6259-45DB-835C-18DB80728460}.Debug|Any CPU.ActiveCfg = Debug|Any CPU
		{326A24F9-6259-45DB-835C-18DB80728460}.Debug|Any CPU.Build.0 = Debug|Any CPU
		{326A24F9-6259-45DB-835C-18DB80728460}.Debug|x64.ActiveCfg = Debug|x64
		{326A24F9-6259-45DB-835C-18DB80728460}.Debug|x64.Build.0 = Debug|x64
		{326A24F9-6259-45DB-835C-18DB80728460}.Debug|x86.ActiveCfg = Debug|x86
		{326A24F9-6259-45DB-835C-18DB80728460}.Debug|x86.Build.0 = Debug|x86
		{326A24F9-6259-45DB-835C-18DB80728460}.MONO|Any CPU.ActiveCfg = MONO|Any CPU
		{326A24F9-6259-45DB-835C-18DB80728460}.MONO|Any CPU.Build.0 = MONO|Any CPU
		{326A24F9-6259-45DB-835C-18DB80728460}.MONO|x64.ActiveCfg = MONO|x64
		{326A24F9-6259-45DB-835C-18DB80728460}.MONO|x64.Build.0 = MONO|x64
		{326A24F9-6259-45DB-835C-18DB80728460}.MONO|x86.ActiveCfg = MONO|x86
		{326A24F9-6259-45DB-835C-18DB80728460}.MONO|x86.Build.0 = MONO|x86
		{326A24F9-6259-45DB-835C-18DB80728460}.Release_20|Any CPU.ActiveCfg = Release_20|Any CPU
		{326A24F9-6259-45DB-835C-18DB80728460}.Release_20|Any CPU.Build.0 = Release_20|Any CPU
		{326A24F9-6259-45DB-835C-18DB80728460}.Release_20|x64.ActiveCfg = Release_20|x64
		{326A24F9-6259-45DB-835C-18DB80728460}.Release_20|x64.Build.0 = Release_20|x64
		{326A24F9-6259-45DB-835C-18DB80728460}.Release_20|x86.ActiveCfg = Release_20|x86
		{326A24F9-6259-45DB-835C-18DB80728460}.Release_20|x86.Build.0 = Release_20|x86
		{326A24F9-6259-45DB-835C-18DB80728460}.Release_Mono_w_Linux|Any CPU.ActiveCfg = Release_Mono_w_Linux|Any CPU
		{326A24F9-6259-45DB-835C-18DB80728460}.Release_Mono_w_Linux|Any CPU.Build.0 = Release_Mono_w_Linux|Any CPU
		{326A24F9-6259-45DB-835C-18DB80728460}.Release_Mono_w_Linux|x64.ActiveCfg = Release_Mono_w_Linux|x64
		{326A24F9-6259-45DB-835C-18DB80728460}.Release_Mono_w_Linux|x64.Build.0 = Release_Mono_w_Linux|x64
		{326A24F9-6259-45DB-835C-18DB80728460}.Release_Mono_w_Linux|x86.ActiveCfg = Release_Mono_w_Linux|x86
		{326A24F9-6259-45DB-835C-18DB80728460}.Release_Mono_w_Linux|x86.Build.0 = Release_Mono_w_Linux|x86
		{326A24F9-6259-45DB-835C-18DB80728460}.Release|Any CPU.ActiveCfg = Release|Any CPU
		{326A24F9-6259-45DB-835C-18DB80728460}.Release|Any CPU.Build.0 = Release|Any CPU
		{326A24F9-6259-45DB-835C-18DB80728460}.Release|x64.ActiveCfg = Release|x64
		{326A24F9-6259-45DB-835C-18DB80728460}.Release|x64.Build.0 = Release|x64
		{326A24F9-6259-45DB-835C-18DB80728460}.Release|x86.ActiveCfg = Release|x86
		{326A24F9-6259-45DB-835C-18DB80728460}.Release|x86.Build.0 = Release|x86
	EndGlobalSection
	GlobalSection(SolutionProperties) = preSolution
		HideSolutionNode = FALSE
	EndGlobalSection
EndGlobal
